
Microsoft Visual Studio Solution File, Format Version 12.00
# Visual Studio 14
VisualStudioVersion = 14.0.25420.1
MinimumVisualStudioVersion = 10.0.40219.1
Project("{2150E333-8FDC-42A3-9474-1A3956D46DE8}") = "Solution Items", "Solution Items", "{88C67AF4-C3BB-4BA3-9D64-1206E18DBB1E}"
	ProjectSection(SolutionItems) = preProject
		License.md = License.md
		Readme.md = Readme.md
		rw_logo.png = rw_logo.png
	EndProjectSection
EndProject
Project("{FAE04EC0-301F-11D3-BF4B-00C04F79EFBC}") = "Rework", "Rework\Rework.csproj", "{4AF00B96-0292-463E-9093-4E7241017DE6}"
EndProject
Project("{FAE04EC0-301F-11D3-BF4B-00C04F79EFBC}") = "UnitTests", "UnitTests\UnitTests.csproj", "{CACE3800-546B-4D67-9980-98874A41F3B3}"
EndProject
Project("{FAE04EC0-301F-11D3-BF4B-00C04F79EFBC}") = "Rework.EntityFramework", "Rework.EntityFramework\Rework.EntityFramework.csproj", "{9B2EFBC7-3CB6-44A2-9C36-6F2C491203B8}"
EndProject
Global
	GlobalSection(SolutionConfigurationPlatforms) = preSolution
		Debug|Any CPU = Debug|Any CPU
		Release|Any CPU = Release|Any CPU
	EndGlobalSection
	GlobalSection(ProjectConfigurationPlatforms) = postSolution
		{4AF00B96-0292-463E-9093-4E7241017DE6}.Debug|Any CPU.ActiveCfg = Debug|Any CPU
		{4AF00B96-0292-463E-9093-4E7241017DE6}.Debug|Any CPU.Build.0 = Debug|Any CPU
		{4AF00B96-0292-463E-9093-4E7241017DE6}.Release|Any CPU.ActiveCfg = Release|Any CPU
		{4AF00B96-0292-463E-9093-4E7241017DE6}.Release|Any CPU.Build.0 = Release|Any CPU
		{CACE3800-546B-4D67-9980-98874A41F3B3}.Debug|Any CPU.ActiveCfg = Debug|Any CPU
		{CACE3800-546B-4D67-9980-98874A41F3B3}.Debug|Any CPU.Build.0 = Debug|Any CPU
		{CACE3800-546B-4D67-9980-98874A41F3B3}.Release|Any CPU.ActiveCfg = Release|Any CPU
		{CACE3800-546B-4D67-9980-98874A41F3B3}.Release|Any CPU.Build.0 = Release|Any CPU
		{9B2EFBC7-3CB6-44A2-9C36-6F2C491203B8}.Debug|Any CPU.ActiveCfg = Debug|Any CPU
		{9B2EFBC7-3CB6-44A2-9C36-6F2C491203B8}.Debug|Any CPU.Build.0 = Debug|Any CPU
		{9B2EFBC7-3CB6-44A2-9C36-6F2C491203B8}.Release|Any CPU.ActiveCfg = Release|Any CPU
		{9B2EFBC7-3CB6-44A2-9C36-6F2C491203B8}.Release|Any CPU.Build.0 = Release|Any CPU
	EndGlobalSection
	GlobalSection(SolutionProperties) = preSolution
		HideSolutionNode = FALSE
	EndGlobalSection
EndGlobal
